
Microsoft Visual Studio Solution File, Format Version 12.00
# Visual Studio Version 17
VisualStudioVersion = 17.13.35825.156 d17.13
MinimumVisualStudioVersion = 10.0.40219.1
Project("{FAE04EC0-301F-11D3-BF4B-00C04F79EFBC}") = "Project02_1", "Project02_1.csproj", "{FF95E235-4C20-4FB9-9CF5-BBDA6A801EB4}"
EndProject
Global
	GlobalSection(SolutionConfigurationPlatforms) = preSolution
		Debug|Any CPU = Debug|Any CPU
		Release|Any CPU = Release|Any CPU
	EndGlobalSection
	GlobalSection(ProjectConfigurationPlatforms) = postSolution
		{FF95E235-4C20-4FB9-9CF5-BBDA6A801EB4}.Debug|Any CPU.ActiveCfg = Debug|Any CPU
		{FF95E235-4C20-4FB9-9CF5-BBDA6A801EB4}.Debug|Any CPU.Build.0 = Debug|Any CPU
		{FF95E235-4C20-4FB9-9CF5-BBDA6A801EB4}.Release|Any CPU.ActiveCfg = Release|Any CPU
		{FF95E235-4C20-4FB9-9CF5-BBDA6A801EB4}.Release|Any CPU.Build.0 = Release|Any CPU
	EndGlobalSection
	GlobalSection(SolutionProperties) = preSolution
		HideSolutionNode = FALSE
	EndGlobalSection
	GlobalSection(ExtensibilityGlobals) = postSolution
		SolutionGuid = {45A76C47-EA4D-48F0-872B-56464504B063}
	EndGlobalSection
EndGlobal
